
Microsoft Visual Studio Solution File, Format Version 12.00
# Visual Studio Version 17
VisualStudioVersion = 17.3.32929.385
MinimumVisualStudioVersion = 10.0.40219.1
Project("{8BC9CEB8-8B4A-11D0-8D11-00A0C91BC942}") = "Dynamic_Ellipse", "Dynamic_Ellipse\Dynamic_Ellipse.vcxproj", "{8BFBE4D2-2E0D-45BD-9C94-197AF5A1DE87}"
EndProject
Project("{8BC9CEB8-8B4A-11D0-8D11-00A0C91BC942}") = "Console_Ellipse", "Console_Ellipse\Console_Ellipse.vcxproj", "{B8ABC9AC-CD05-416C-A0BE-A396281894B3}"
EndProject
Global
	GlobalSection(SolutionConfigurationPlatforms) = preSolution
		Debug|x64 = Debug|x64
		Debug|x86 = Debug|x86
		Release|x64 = Release|x64
		Release|x86 = Release|x86
	EndGlobalSection
	GlobalSection(ProjectConfigurationPlatforms) = postSolution
		{8BFBE4D2-2E0D-45BD-9C94-197AF5A1DE87}.Debug|x64.ActiveCfg = Debug|x64
		{8BFBE4D2-2E0D-45BD-9C94-197AF5A1DE87}.Debug|x64.Build.0 = Debug|x64
		{8BFBE4D2-2E0D-45BD-9C94-197AF5A1DE87}.Debug|x86.ActiveCfg = Debug|Win32
		{8BFBE4D2-2E0D-45BD-9C94-197AF5A1DE87}.Debug|x86.Build.0 = Debug|Win32
		{8BFBE4D2-2E0D-45BD-9C94-197AF5A1DE87}.Release|x64.ActiveCfg = Release|x64
		{8BFBE4D2-2E0D-45BD-9C94-197AF5A1DE87}.Release|x64.Build.0 = Release|x64
		{8BFBE4D2-2E0D-45BD-9C94-197AF5A1DE87}.Release|x86.ActiveCfg = Release|Win32
		{8BFBE4D2-2E0D-45BD-9C94-197AF5A1DE87}.Release|x86.Build.0 = Release|Win32
		{B8ABC9AC-CD05-416C-A0BE-A396281894B3}.Debug|x64.ActiveCfg = Debug|x64
		{B8ABC9AC-CD05-416C-A0BE-A396281894B3}.Debug|x64.Build.0 = Debug|x64
		{B8ABC9AC-CD05-416C-A0BE-A396281894B3}.Debug|x86.ActiveCfg = Debug|Win32
		{B8ABC9AC-CD05-416C-A0BE-A396281894B3}.Debug|x86.Build.0 = Debug|Win32
		{B8ABC9AC-CD05-416C-A0BE-A396281894B3}.Release|x64.ActiveCfg = Release|x64
		{B8ABC9AC-CD05-416C-A0BE-A396281894B3}.Release|x64.Build.0 = Release|x64
		{B8ABC9AC-CD05-416C-A0BE-A396281894B3}.Release|x86.ActiveCfg = Release|Win32
		{B8ABC9AC-CD05-416C-A0BE-A396281894B3}.Release|x86.Build.0 = Release|Win32
	EndGlobalSection
	GlobalSection(SolutionProperties) = preSolution
		HideSolutionNode = FALSE
	EndGlobalSection
	GlobalSection(ExtensibilityGlobals) = postSolution
		SolutionGuid = {8303DA51-6AE1-4A3D-BB57-AB2AE43BF970}
	EndGlobalSection
EndGlobal
