<?xml version="1.0" encoding="utf-8"?>
<Project ToolsVersion="4.0" xmlns="http://schemas.microsoft.com/developer/msbuild/2003">
  <ItemGroup>
    <Filter Include="Source Files">
      <UniqueIdentifier>{4FC737F1-C7A5-4376-A066-2A32D752A2FF}</UniqueIdentifier>
      <Extensions>cpp;c;cc;cxx;c++;cppm;ixx;def;odl;idl;hpj;bat;asm;asmx</Extensions>
    </Filter>
    <Filter Include="Header Files">
      <UniqueIdentifier>{93995380-89BD-4b04-88EB-625FBE52EBFB}</UniqueIdentifier>
      <Extensions>h;hh;hpp;hxx;h++;hm;inl;inc;ipp;xsd</Extensions>
    </Filter>
    <Filter Include="Resource Files">
      <UniqueIdentifier>{67DA6AB6-F800-4c08-8B7A-83BB121AAD01}</UniqueIdentifier>
      <Extensions>rc;ico;cur;bmp;dlg;rc2;rct;bin;rgs;gif;jpg;jpeg;jpe;resx;tiff;tif;png;wav;mfcribbon-ms</Extensions>
    </Filter>
  </ItemGroup>
  <ItemGroup>
    <None Include="cpp.hint" />
  </ItemGroup>
  <ItemGroup>
    <ClInclude Include="framework.h">
      <Filter>Header Files</Filter>
    </ClInclude>
    <ClInclude Include="Dynamic_Ellipse.h">
      <Filter>Header Files</Filter>
    </ClInclude>
    <ClInclude Include="pch.h">
      <Filter>Header Files</Filter>
    </ClInclude>
    <ClInclude Include="CenterGravityLibrary.h">
      <Filter>Header Files</Filter>
    </ClInclude>
    <ClInclude Include="Constants.h">
      <Filter>Header Files</Filter>
    </ClInclude>
    <ClInclude Include="Earth2SatLibrary.h">
      <Filter>Header Files</Filter>
    </ClInclude>
    <ClInclude Include="Polar2RectangularLibrary.h">
      <Filter>Header Files</Filter>
    </ClInclude>
    <ClInclude Include="Sat2EarthLibrary.h">
      <Filter>Header Files</Filter>
    </ClInclude>
    <ClInclude Include="TransformationMatrixLibrary.h">
      <Filter>Header Files</Filter>
    </ClInclude>
    <ClInclude Include="UpdateLongitudeLibrary.h">
      <Filter>Header Files</Filter>
    </ClInclude>
    <ClInclude Include="NormVectorLibrary.h">
      <Filter>Header Files</Filter>
    </ClInclude>
    <ClInclude Include="EliminateLibrary.h">
      <Filter>Header Files</Filter>
    </ClInclude>
    <ClInclude Include="PointsCheckEllipseLibrary.h">
      <Filter>Header Files</Filter>
    </ClInclude>
    <ClInclude Include="MinimumSemiMinorAxisLibrary.h">
      <Filter>Header Files</Filter>
    </ClInclude>
    <ClInclude Include="MinimumSemiMinorAxis2Library.h">
      <Filter>Header Files</Filter>
    </ClInclude>
    <ClInclude Include="TrigonometricEqSolveLibrary.h">
      <Filter>Header Files</Filter>
    </ClInclude>
    <ClInclude Include="3PointsEllipseLibrary.h">
      <Filter>Header Files</Filter>
    </ClInclude>
    <ClInclude Include="Solution3LinearEqLibrary.h">
      <Filter>Header Files</Filter>
    </ClInclude>
    <ClInclude Include="2PointsPSOUTLibrary.h">
      <Filter>Header Files</Filter>
    </ClInclude>
    <ClInclude Include="DeterminantLibrary.h">
      <Filter>Header Files</Filter>
    </ClInclude>
    <ClInclude Include="OrientationLibrary.h">
      <Filter>Header Files</Filter>
    </ClInclude>
    <ClInclude Include="AddPointingRotationalErrorsLibrary.h">
      <Filter>Header Files</Filter>
    </ClInclude>
    <ClInclude Include="AddStationKeepingErrorLibrary.h">
      <Filter>Header Files</Filter>
    </ClInclude>
    <ClInclude Include="AddPointingErrorLibrary.h">
      <Filter>Header Files</Filter>
    </ClInclude>
    <ClInclude Include="AddRotationalErrorLibrary.h">
      <Filter>Header Files</Filter>
    </ClInclude>
    <ClInclude Include="DisplacementEquatPlaneLibrary.h">
      <Filter>Header Files</Filter>
    </ClInclude>
    <ClInclude Include="ProjectionSatEllipseLibrary.h">
      <Filter>Header Files</Filter>
    </ClInclude>
    <ClInclude Include="XPrimeYPrime2XYLibrary.h">
      <Filter>Header Files</Filter>
    </ClInclude>
    <ClInclude Include="EdgeEllipseLibrary.h">
      <Filter>Header Files</Filter>
    </ClInclude>
    <ClInclude Include="EllipseViewLibrary.h">
      <Filter>Header Files</Filter>
    </ClInclude>
    <ClInclude Include="AngleDiffStationKeepingLibrary.h">
      <Filter>Header Files</Filter>
    </ClInclude>
    <ClInclude Include="FindColinearPointLibrary.h">
      <Filter>Header Files</Filter>
    </ClInclude>
    <ClInclude Include="ConvexLibrary.h">
      <Filter>Header Files</Filter>
    </ClInclude>
  </ItemGroup>
  <ItemGroup>
    <ClCompile Include="Dynamic_Ellipse.cpp">
      <Filter>Source Files</Filter>
    </ClCompile>
    <ClCompile Include="dllmain.cpp">
      <Filter>Source Files</Filter>
    </ClCompile>
    <ClCompile Include="pch.cpp">
      <Filter>Source Files</Filter>
    </ClCompile>
    <ClCompile Include="CenterGravityLibrary.cpp">
      <Filter>Source Files</Filter>
    </ClCompile>
    <ClCompile Include="Constants.cpp">
      <Filter>Source Files</Filter>
    </ClCompile>
    <ClCompile Include="Earth2SatLibrary.cpp">
      <Filter>Source Files</Filter>
    </ClCompile>
    <ClCompile Include="Polar2RectangularLibrary.cpp">
      <Filter>Source Files</Filter>
    </ClCompile>
    <ClCompile Include="Sat2EarthLibrary.cpp">
      <Filter>Source Files</Filter>
    </ClCompile>
    <ClCompile Include="TransformationMatrixLibrary.cpp">
      <Filter>Source Files</Filter>
    </ClCompile>
    <ClCompile Include="UpdateLongitudeLibrary.cpp">
      <Filter>Source Files</Filter>
    </ClCompile>
    <ClCompile Include="NormVectorLibrary.cpp">
      <Filter>Source Files</Filter>
    </ClCompile>
    <ClCompile Include="EliminateLibrary.cpp">
      <Filter>Source Files</Filter>
    </ClCompile>
    <ClCompile Include="PointsCheckEllipseLibrary.cpp">
      <Filter>Source Files</Filter>
    </ClCompile>
    <ClCompile Include="MinimumSemiMinorAxisLibrary.cpp">
      <Filter>Source Files</Filter>
    </ClCompile>
    <ClCompile Include="MinimumSemiMinorAxis2Library.cpp">
      <Filter>Source Files</Filter>
    </ClCompile>
    <ClCompile Include="TrigonometricEqSolveLibrary.cpp">
      <Filter>Source Files</Filter>
    </ClCompile>
    <ClCompile Include="3PointsEllipseLibrary.cpp">
      <Filter>Source Files</Filter>
    </ClCompile>
    <ClCompile Include="Solution3LinearEqLibrary.cpp">
      <Filter>Source Files</Filter>
    </ClCompile>
    <ClCompile Include="2PointsPSOUTLibrary.cpp">
      <Filter>Source Files</Filter>
    </ClCompile>
    <ClCompile Include="DeterminantLibrary.cpp">
      <Filter>Source Files</Filter>
    </ClCompile>
    <ClCompile Include="OrientationLibrary.cpp">
      <Filter>Source Files</Filter>
    </ClCompile>
    <ClCompile Include="AddPointingRotationalErrorsLibrary.cpp">
      <Filter>Source Files</Filter>
    </ClCompile>
    <ClCompile Include="AddStationKeepingErrorLibrary.cpp">
      <Filter>Source Files</Filter>
    </ClCompile>
    <ClCompile Include="AddPointingErrorLibrary.cpp">
      <Filter>Source Files</Filter>
    </ClCompile>
    <ClCompile Include="AddRotationalErrorLibrary.cpp">
      <Filter>Source Files</Filter>
    </ClCompile>
    <ClCompile Include="DisplacementEquatPlaneLibrary.cpp">
      <Filter>Source Files</Filter>
    </ClCompile>
    <ClCompile Include="ProjectionSatEllipseLibrary.cpp">
      <Filter>Source Files</Filter>
    </ClCompile>
    <ClCompile Include="XPrimeYPrime2XYLibrary.cpp">
      <Filter>Source Files</Filter>
    </ClCompile>
    <ClCompile Include="EdgeEllipseLibrary.cpp">
      <Filter>Source Files</Filter>
    </ClCompile>
    <ClCompile Include="EllipseViewLibrary.cpp">
      <Filter>Source Files</Filter>
    </ClCompile>
    <ClCompile Include="AngleDiffStationKeepingLibrary.cpp">
      <Filter>Source Files</Filter>
    </ClCompile>
    <ClCompile Include="FindColinearPointLibrary.cpp">
      <Filter>Source Files</Filter>
    </ClCompile>
    <ClCompile Include="ConvexLibrary.cpp">
      <Filter>Source Files</Filter>
    </ClCompile>
  </ItemGroup>
</Project>